
Microsoft Visual Studio Solution File, Format Version 12.00
# Visual Studio Version 17
VisualStudioVersion = 17.3.32929.385
MinimumVisualStudioVersion = 10.0.40219.1
Project("{FAE04EC0-301F-11D3-BF4B-00C04F79EFBC}") = "GaragesDemo", "GaragesDemo\GaragesDemo.csproj", "{4C47E8C8-5059-475B-8C9D-BA92FDD66B3C}"
EndProject
Global
	GlobalSection(SolutionConfigurationPlatforms) = preSolution
		Debug|Any CPU = Debug|Any CPU
		Release|Any CPU = Release|Any CPU
	EndGlobalSection
	GlobalSection(ProjectConfigurationPlatforms) = postSolution
		{4C47E8C8-5059-475B-8C9D-BA92FDD66B3C}.Debug|Any CPU.ActiveCfg = Debug|Any CPU
		{4C47E8C8-5059-475B-8C9D-BA92FDD66B3C}.Debug|Any CPU.Build.0 = Debug|Any CPU
		{4C47E8C8-5059-475B-8C9D-BA92FDD66B3C}.Release|Any CPU.ActiveCfg = Release|Any CPU
		{4C47E8C8-5059-475B-8C9D-BA92FDD66B3C}.Release|Any CPU.Build.0 = Release|Any CPU
	EndGlobalSection
	GlobalSection(SolutionProperties) = preSolution
		HideSolutionNode = FALSE
	EndGlobalSection
	GlobalSection(ExtensibilityGlobals) = postSolution
		SolutionGuid = {11E48BD2-691B-412B-8CD8-02AB96988908}
	EndGlobalSection
EndGlobal
